
Microsoft Visual Studio Solution File, Format Version 12.00
# Visual Studio Version 16
VisualStudioVersion = 16.0.30804.86
MinimumVisualStudioVersion = 10.0.40219.1
Project("{FAE04EC0-301F-11D3-BF4B-00C04F79EFBC}") = "HVBackup.Engine", "HyperVBackup.Engine\HVBackup.Engine.csproj", "{096F7CB1-EC67-4388-A7A4-1747EE09DB29}"
EndProject
Project("{FAE04EC0-301F-11D3-BF4B-00C04F79EFBC}") = "HVBackup.Console", "HyperVBackup.Console\HVBackup.Console.csproj", "{15A16478-D2E8-431C-99BA-EAABE878B450}"
EndProject
Global
	GlobalSection(SolutionConfigurationPlatforms) = preSolution
		Debug|Any CPU = Debug|Any CPU
		Debug|x64 = Debug|x64
		Debug|x86 = Debug|x86
		Release|Any CPU = Release|Any CPU
		Release|x64 = Release|x64
		Release|x86 = Release|x86
	EndGlobalSection
	GlobalSection(ProjectConfigurationPlatforms) = postSolution
		{096F7CB1-EC67-4388-A7A4-1747EE09DB29}.Debug|Any CPU.ActiveCfg = Debug|Any CPU
		{096F7CB1-EC67-4388-A7A4-1747EE09DB29}.Debug|Any CPU.Build.0 = Debug|Any CPU
		{096F7CB1-EC67-4388-A7A4-1747EE09DB29}.Debug|x64.ActiveCfg = Debug|x64
		{096F7CB1-EC67-4388-A7A4-1747EE09DB29}.Debug|x64.Build.0 = Debug|x64
		{096F7CB1-EC67-4388-A7A4-1747EE09DB29}.Debug|x86.ActiveCfg = Debug|Any CPU
		{096F7CB1-EC67-4388-A7A4-1747EE09DB29}.Release|Any CPU.ActiveCfg = Release|Any CPU
		{096F7CB1-EC67-4388-A7A4-1747EE09DB29}.Release|Any CPU.Build.0 = Release|Any CPU
		{096F7CB1-EC67-4388-A7A4-1747EE09DB29}.Release|x64.ActiveCfg = Release|x64
		{096F7CB1-EC67-4388-A7A4-1747EE09DB29}.Release|x64.Build.0 = Release|x64
		{096F7CB1-EC67-4388-A7A4-1747EE09DB29}.Release|x86.ActiveCfg = Release|x86
		{096F7CB1-EC67-4388-A7A4-1747EE09DB29}.Release|x86.Build.0 = Release|x86
		{15A16478-D2E8-431C-99BA-EAABE878B450}.Debug|Any CPU.ActiveCfg = Debug|Any CPU
		{15A16478-D2E8-431C-99BA-EAABE878B450}.Debug|Any CPU.Build.0 = Debug|Any CPU
		{15A16478-D2E8-431C-99BA-EAABE878B450}.Debug|x64.ActiveCfg = Debug|x64
		{15A16478-D2E8-431C-99BA-EAABE878B450}.Debug|x64.Build.0 = Debug|x64
		{15A16478-D2E8-431C-99BA-EAABE878B450}.Debug|x86.ActiveCfg = Debug|x86
		{15A16478-D2E8-431C-99BA-EAABE878B450}.Debug|x86.Build.0 = Debug|x86
		{15A16478-D2E8-431C-99BA-EAABE878B450}.Release|Any CPU.ActiveCfg = Release|Any CPU
		{15A16478-D2E8-431C-99BA-EAABE878B450}.Release|Any CPU.Build.0 = Release|Any CPU
		{15A16478-D2E8-431C-99BA-EAABE878B450}.Release|x64.ActiveCfg = Release|x64
		{15A16478-D2E8-431C-99BA-EAABE878B450}.Release|x64.Build.0 = Release|x64
		{15A16478-D2E8-431C-99BA-EAABE878B450}.Release|x86.ActiveCfg = Release|x86
		{15A16478-D2E8-431C-99BA-EAABE878B450}.Release|x86.Build.0 = Release|x86
	EndGlobalSection
	GlobalSection(SolutionProperties) = preSolution
		HideSolutionNode = FALSE
	EndGlobalSection
	GlobalSection(ExtensibilityGlobals) = postSolution
		SolutionGuid = {D01A62D1-A4C7-4B61-9AF8-91F1CD83087D}
	EndGlobalSection
EndGlobal
